// !$*UTF8*$!
{
	archiveVersion = 1;
	classes = {
	};
	objectVersion = 55;
	objects = {

/* Begin PBXBuildFile section */
		73E5462727BC0A3800398585 /* ShoppingPalApp.swift in Sources */ = {isa = PBXBuildFile; fileRef = 73E5462627BC0A3800398585 /* ShoppingPalApp.swift */; };
		73E5462927BC0A3800398585 /* ContentView.swift in Sources */ = {isa = PBXBuildFile; fileRef = 73E5462827BC0A3800398585 /* ContentView.swift */; };
		73E5462B27BC0A3A00398585 /* Assets.xcassets in Resources */ = {isa = PBXBuildFile; fileRef = 73E5462A27BC0A3A00398585 /* Assets.xcassets */; };
		73E5462E27BC0A3A00398585 /* Preview Assets.xcassets in Resources */ = {isa = PBXBuildFile; fileRef = 73E5462D27BC0A3A00398585 /* Preview Assets.xcassets */; };
		73E5463627BC0B0100398585 /* Router.swift in Sources */ = {isa = PBXBuildFile; fileRef = 73E5463527BC0B0100398585 /* Router.swift */; };
		73E5463D27BCC0DC00398585 /* AppDelegate.swift in Sources */ = {isa = PBXBuildFile; fileRef = 73E5463C27BCC0DC00398585 /* AppDelegate.swift */; };
		73E5464027BCC10000398585 /* Algorithms in Frameworks */ = {isa = PBXBuildFile; productRef = 73E5463F27BCC10000398585 /* Algorithms */; };
		73E5464627BCC7C200398585 /* Rswift in Frameworks */ = {isa = PBXBuildFile; productRef = 73E5464527BCC7C200398585 /* Rswift */; };
/* End PBXBuildFile section */

/* Begin PBXFileReference section */
		73E5462327BC0A3800398585 /* ShoppingPal.app */ = {isa = PBXFileReference; explicitFileType = wrapper.application; includeInIndex = 0; path = ShoppingPal.app; sourceTree = BUILT_PRODUCTS_DIR; };
		73E5462627BC0A3800398585 /* ShoppingPalApp.swift */ = {isa = PBXFileReference; lastKnownFileType = sourcecode.swift; path = ShoppingPalApp.swift; sourceTree = "<group>"; };
		73E5462827BC0A3800398585 /* ContentView.swift */ = {isa = PBXFileReference; lastKnownFileType = sourcecode.swift; path = ContentView.swift; sourceTree = "<group>"; };
		73E5462A27BC0A3A00398585 /* Assets.xcassets */ = {isa = PBXFileReference; lastKnownFileType = folder.assetcatalog; path = Assets.xcassets; sourceTree = "<group>"; };
		73E5462D27BC0A3A00398585 /* Preview Assets.xcassets */ = {isa = PBXFileReference; lastKnownFileType = folder.assetcatalog; path = "Preview Assets.xcassets"; sourceTree = "<group>"; };
		73E5463527BC0B0100398585 /* Router.swift */ = {isa = PBXFileReference; lastKnownFileType = sourcecode.swift; path = Router.swift; sourceTree = "<group>"; };
		73E5463C27BCC0DC00398585 /* AppDelegate.swift */ = {isa = PBXFileReference; lastKnownFileType = sourcecode.swift; path = AppDelegate.swift; sourceTree = "<group>"; };
/* End PBXFileReference section */

/* Begin PBXFrameworksBuildPhase section */
		73E5462027BC0A3800398585 /* Frameworks */ = {
			isa = PBXFrameworksBuildPhase;
			buildActionMask = 2147483647;
			files = (
				73E5464027BCC10000398585 /* Algorithms in Frameworks */,
				73E5464627BCC7C200398585 /* Rswift in Frameworks */,
			);
			runOnlyForDeploymentPostprocessing = 0;
		};
/* End PBXFrameworksBuildPhase section */

/* Begin PBXGroup section */
		73E5461A27BC0A3800398585 = {
			isa = PBXGroup;
			children = (
				73E5462527BC0A3800398585 /* ShoppingPal */,
				73E5462427BC0A3800398585 /* Products */,
			);
			sourceTree = "<group>";
		};
		73E5462427BC0A3800398585 /* Products */ = {
			isa = PBXGroup;
			children = (
				73E5462327BC0A3800398585 /* ShoppingPal.app */,
			);
			name = Products;
			sourceTree = "<group>";
		};
		73E5462527BC0A3800398585 /* ShoppingPal */ = {
			isa = PBXGroup;
			children = (
				73E5463B27BCC0D100398585 /* App */,
				73E5463827BCC05600398585 /* Features */,
				73E5463427BC0AEE00398585 /* Common */,
				73E5462A27BC0A3A00398585 /* Assets.xcassets */,
				73E5462C27BC0A3A00398585 /* Preview Content */,
			);
			path = ShoppingPal;
			sourceTree = "<group>";
		};
		73E5462C27BC0A3A00398585 /* Preview Content */ = {
			isa = PBXGroup;
			children = (
				73E5462D27BC0A3A00398585 /* Preview Assets.xcassets */,
			);
			path = "Preview Content";
			sourceTree = "<group>";
		};
		73E5463427BC0AEE00398585 /* Common */ = {
			isa = PBXGroup;
			children = (
				73E5463527BC0B0100398585 /* Router.swift */,
			);
			path = Common;
			sourceTree = "<group>";
		};
		73E5463827BCC05600398585 /* Features */ = {
			isa = PBXGroup;
			children = (
				73E5463A27BCC06400398585 /* Dashboard */,
				73E5463927BCC05E00398585 /* Login */,
			);
			path = Features;
			sourceTree = "<group>";
		};
		73E5463927BCC05E00398585 /* Login */ = {
			isa = PBXGroup;
			children = (
			);
			path = Login;
			sourceTree = "<group>";
		};
		73E5463A27BCC06400398585 /* Dashboard */ = {
			isa = PBXGroup;
			children = (
				73E5462627BC0A3800398585 /* ShoppingPalApp.swift */,
				73E5462827BC0A3800398585 /* ContentView.swift */,
			);
			path = Dashboard;
			sourceTree = "<group>";
		};
		73E5463B27BCC0D100398585 /* App */ = {
			isa = PBXGroup;
			children = (
				73E5463C27BCC0DC00398585 /* AppDelegate.swift */,
			);
			path = App;
			sourceTree = "<group>";
		};
/* End PBXGroup section */

/* Begin PBXNativeTarget section */
		73E5462227BC0A3800398585 /* ShoppingPal */ = {
			isa = PBXNativeTarget;
			buildConfigurationList = 73E5463127BC0A3A00398585 /* Build configuration list for PBXNativeTarget "ShoppingPal" */;
			buildPhases = (
				73E5464127BCC2B400398585 /* ShellScript */,
				73E5461F27BC0A3800398585 /* Sources */,
				73E5462027BC0A3800398585 /* Frameworks */,
				73E5462127BC0A3800398585 /* Resources */,
			);
			buildRules = (
			);
			dependencies = (
			);
			name = ShoppingPal;
			packageProductDependencies = (
				73E5463F27BCC10000398585 /* Algorithms */,
				73E5464527BCC7C200398585 /* Rswift */,
			);
			productName = ShoppingPal;
			productReference = 73E5462327BC0A3800398585 /* ShoppingPal.app */;
			productType = "com.apple.product-type.application";
		};
/* End PBXNativeTarget section */

/* Begin PBXProject section */
		73E5461B27BC0A3800398585 /* Project object */ = {
			isa = PBXProject;
			attributes = {
				BuildIndependentTargetsInParallel = 1;
				LastSwiftUpdateCheck = 1320;
				LastUpgradeCheck = 1320;
				TargetAttributes = {
					73E5462227BC0A3800398585 = {
						CreatedOnToolsVersion = 13.2.1;
					};
				};
			};
			buildConfigurationList = 73E5461E27BC0A3800398585 /* Build configuration list for PBXProject "ShoppingPal" */;
			compatibilityVersion = "Xcode 13.0";
			developmentRegion = en;
			hasScannedForEncodings = 0;
			knownRegions = (
				en,
				Base,
			);
			mainGroup = 73E5461A27BC0A3800398585;
			packageReferences = (
				73E5463E27BCC10000398585 /* XCRemoteSwiftPackageReference "swift-algorithms" */,
				73E5464427BCC7C200398585 /* XCRemoteSwiftPackageReference "R.swift" */,
			);
			productRefGroup = 73E5462427BC0A3800398585 /* Products */;
			projectDirPath = "";
			projectRoot = "";
			targets = (
				73E5462227BC0A3800398585 /* ShoppingPal */,
			);
		};
/* End PBXProject section */

/* Begin PBXResourcesBuildPhase section */
		73E5462127BC0A3800398585 /* Resources */ = {
			isa = PBXResourcesBuildPhase;
			buildActionMask = 2147483647;
			files = (
				73E5462E27BC0A3A00398585 /* Preview Assets.xcassets in Resources */,
				73E5462B27BC0A3A00398585 /* Assets.xcassets in Resources */,
			);
			runOnlyForDeploymentPostprocessing = 0;
		};
/* End PBXResourcesBuildPhase section */

/* Begin PBXShellScriptBuildPhase section */
		73E5464127BCC2B400398585 /* ShellScript */ = {
			isa = PBXShellScriptBuildPhase;
			alwaysOutOfDate = 1;
			buildActionMask = 2147483647;
			files = (
			);
			inputFileListPaths = (
			);
			inputPaths = (
			);
			outputFileListPaths = (
			);
			outputPaths = (
				$SRCROOT/R.generated.swift,
			);
			runOnlyForDeploymentPostprocessing = 0;
			shellPath = /bin/sh;
			shellScript = "# Type a script or drag a script file from your workspace to insert its path.\n\"$SRCROOT/rswift\" generate \"$SRCROOT/R.generated.swift\"\n";
		};
/* End PBXShellScriptBuildPhase section */

/* Begin PBXSourcesBuildPhase section */
		73E5461F27BC0A3800398585 /* Sources */ = {
			isa = PBXSourcesBuildPhase;
			buildActionMask = 2147483647;
			files = (
				73E5463D27BCC0DC00398585 /* AppDelegate.swift in Sources */,
				73E5462927BC0A3800398585 /* ContentView.swift in Sources */,
				73E5463627BC0B0100398585 /* Router.swift in Sources */,
				73E5462727BC0A3800398585 /* ShoppingPalApp.swift in Sources */,
			);
			runOnlyForDeploymentPostprocessing = 0;
		};
/* End PBXSourcesBuildPhase section */

/* Begin XCBuildConfiguration section */
		73E5462F27BC0A3A00398585 /* Debug */ = {
			isa = XCBuildConfiguration;
			buildSettings = {
				ALWAYS_SEARCH_USER_PATHS = NO;
				CLANG_ANALYZER_NONNULL = YES;
				CLANG_ANALYZER_NUMBER_OBJECT_CONVERSION = YES_AGGRESSIVE;
				CLANG_CXX_LANGUAGE_STANDARD = "gnu++17";
				CLANG_CXX_LIBRARY = "libc++";
				CLANG_ENABLE_MODULES = YES;
				CLANG_ENABLE_OBJC_ARC = YES;
				CLANG_ENABLE_OBJC_WEAK = YES;
				CLANG_WARN_BLOCK_CAPTURE_AUTORELEASING = YES;
				CLANG_WARN_BOOL_CONVERSION = YES;
				CLANG_WARN_COMMA = YES;
				CLANG_WARN_CONSTANT_CONVERSION = YES;
				CLANG_WARN_DEPRECATED_OBJC_IMPLEMENTATIONS = YES;
				CLANG_WARN_DIRECT_OBJC_ISA_USAGE = YES_ERROR;
				CLANG_WARN_DOCUMENTATION_COMMENTS = YES;
				CLANG_WARN_EMPTY_BODY = YES;
				CLANG_WARN_ENUM_CONVERSION = YES;
				CLANG_WARN_INFINITE_RECURSION = YES;
				CLANG_WARN_INT_CONVERSION = YES;
				CLANG_WARN_NON_LITERAL_NULL_CONVERSION = YES;
				CLANG_WARN_OBJC_IMPLICIT_RETAIN_SELF = YES;
				CLANG_WARN_OBJC_LITERAL_CONVERSION = YES;
				CLANG_WARN_OBJC_ROOT_CLASS = YES_ERROR;
				CLANG_WARN_QUOTED_INCLUDE_IN_FRAMEWORK_HEADER = YES;
				CLANG_WARN_RANGE_LOOP_ANALYSIS = YES;
				CLANG_WARN_STRICT_PROTOTYPES = YES;
				CLANG_WARN_SUSPICIOUS_MOVE = YES;
				CLANG_WARN_UNGUARDED_AVAILABILITY = YES_AGGRESSIVE;
				CLANG_WARN_UNREACHABLE_CODE = YES;
				CLANG_WARN__DUPLICATE_METHOD_MATCH = YES;
				COPY_PHASE_STRIP = NO;
				DEBUG_INFORMATION_FORMAT = dwarf;
				ENABLE_STRICT_OBJC_MSGSEND = YES;
				ENABLE_TESTABILITY = YES;
				GCC_C_LANGUAGE_STANDARD = gnu11;
				GCC_DYNAMIC_NO_PIC = NO;
				GCC_NO_COMMON_BLOCKS = YES;
				GCC_OPTIMIZATION_LEVEL = 0;
				GCC_PREPROCESSOR_DEFINITIONS = (
					"DEBUG=1",
					"$(inherited)",
				);
				GCC_WARN_64_TO_32_BIT_CONVERSION = YES;
				GCC_WARN_ABOUT_RETURN_TYPE = YES_ERROR;
				GCC_WARN_UNDECLARED_SELECTOR = YES;
				GCC_WARN_UNINITIALIZED_AUTOS = YES_AGGRESSIVE;
				GCC_WARN_UNUSED_FUNCTION = YES;
				GCC_WARN_UNUSED_VARIABLE = YES;
				IPHONEOS_DEPLOYMENT_TARGET = 15.2;
				MTL_ENABLE_DEBUG_INFO = INCLUDE_SOURCE;
				MTL_FAST_MATH = YES;
				ONLY_ACTIVE_ARCH = YES;
				SDKROOT = iphoneos;
				SWIFT_ACTIVE_COMPILATION_CONDITIONS = DEBUG;
				SWIFT_OPTIMIZATION_LEVEL = "-Onone";
			};
			name = Debug;
		};
		73E5463027BC0A3A00398585 /* Release */ = {
			isa = XCBuildConfiguration;
			buildSettings = {
				ALWAYS_SEARCH_USER_PATHS = NO;
				CLANG_ANALYZER_NONNULL = YES;
				CLANG_ANALYZER_NUMBER_OBJECT_CONVERSION = YES_AGGRESSIVE;
				CLANG_CXX_LANGUAGE_STANDARD = "gnu++17";
				CLANG_CXX_LIBRARY = "libc++";
				CLANG_ENABLE_MODULES = YES;
				CLANG_ENABLE_OBJC_ARC = YES;
				CLANG_ENABLE_OBJC_WEAK = YES;
				CLANG_WARN_BLOCK_CAPTURE_AUTORELEASING = YES;
				CLANG_WARN_BOOL_CONVERSION = YES;
				CLANG_WARN_COMMA = YES;
				CLANG_WARN_CONSTANT_CONVERSION = YES;
				CLANG_WARN_DEPRECATED_OBJC_IMPLEMENTATIONS = YES;
				CLANG_WARN_DIRECT_OBJC_ISA_USAGE = YES_ERROR;
				CLANG_WARN_DOCUMENTATION_COMMENTS = YES;
				CLANG_WARN_EMPTY_BODY = YES;
				CLANG_WARN_ENUM_CONVERSION = YES;
				CLANG_WARN_INFINITE_RECURSION = YES;
				CLANG_WARN_INT_CONVERSION = YES;
				CLANG_WARN_NON_LITERAL_NULL_CONVERSION = YES;
				CLANG_WARN_OBJC_IMPLICIT_RETAIN_SELF = YES;
				CLANG_WARN_OBJC_LITERAL_CONVERSION = YES;
				CLANG_WARN_OBJC_ROOT_CLASS = YES_ERROR;
				CLANG_WARN_QUOTED_INCLUDE_IN_FRAMEWORK_HEADER = YES;
				CLANG_WARN_RANGE_LOOP_ANALYSIS = YES;
				CLANG_WARN_STRICT_PROTOTYPES = YES;
				CLANG_WARN_SUSPICIOUS_MOVE = YES;
				CLANG_WARN_UNGUARDED_AVAILABILITY = YES_AGGRESSIVE;
				CLANG_WARN_UNREACHABLE_CODE = YES;
				CLANG_WARN__DUPLICATE_METHOD_MATCH = YES;
				COPY_PHASE_STRIP = NO;
				DEBUG_INFORMATION_FORMAT = "dwarf-with-dsym";
				ENABLE_NS_ASSERTIONS = NO;
				ENABLE_STRICT_OBJC_MSGSEND = YES;
				GCC_C_LANGUAGE_STANDARD = gnu11;
				GCC_NO_COMMON_BLOCKS = YES;
				GCC_WARN_64_TO_32_BIT_CONVERSION = YES;
				GCC_WARN_ABOUT_RETURN_TYPE = YES_ERROR;
				GCC_WARN_UNDECLARED_SELECTOR = YES;
				GCC_WARN_UNINITIALIZED_AUTOS = YES_AGGRESSIVE;
				GCC_WARN_UNUSED_FUNCTION = YES;
				GCC_WARN_UNUSED_VARIABLE = YES;
				IPHONEOS_DEPLOYMENT_TARGET = 15.2;
				MTL_ENABLE_DEBUG_INFO = NO;
				MTL_FAST_MATH = YES;
				SDKROOT = iphoneos;
				SWIFT_COMPILATION_MODE = wholemodule;
				SWIFT_OPTIMIZATION_LEVEL = "-O";
				VALIDATE_PRODUCT = YES;
			};
			name = Release;
		};
		73E5463227BC0A3A00398585 /* Debug */ = {
			isa = XCBuildConfiguration;
			buildSettings = {
				ASSETCATALOG_COMPILER_APPICON_NAME = AppIcon;
				ASSETCATALOG_COMPILER_GLOBAL_ACCENT_COLOR_NAME = AccentColor;
				CODE_SIGN_STYLE = Automatic;
				CURRENT_PROJECT_VERSION = 1;
				DEVELOPMENT_ASSET_PATHS = "\"ShoppingPal/Preview Content\"";
				DEVELOPMENT_TEAM = S54X82UBP7;
				ENABLE_PREVIEWS = YES;
				GENERATE_INFOPLIST_FILE = YES;
				INFOPLIST_KEY_UIApplicationSceneManifest_Generation = YES;
				INFOPLIST_KEY_UIApplicationSupportsIndirectInputEvents = YES;
				INFOPLIST_KEY_UILaunchScreen_Generation = YES;
				INFOPLIST_KEY_UISupportedInterfaceOrientations_iPad = "UIInterfaceOrientationPortrait UIInterfaceOrientationPortraitUpsideDown UIInterfaceOrientationLandscapeLeft UIInterfaceOrientationLandscapeRight";
				INFOPLIST_KEY_UISupportedInterfaceOrientations_iPhone = "UIInterfaceOrientationPortrait UIInterfaceOrientationLandscapeLeft UIInterfaceOrientationLandscapeRight";
				LD_RUNPATH_SEARCH_PATHS = (
					"$(inherited)",
					"@executable_path/Frameworks",
				);
				MARKETING_VERSION = 1.0;
				PRODUCT_BUNDLE_IDENTIFIER = com.shoppingPal.ShoppingPal;
				PRODUCT_NAME = "$(TARGET_NAME)";
				SWIFT_EMIT_LOC_STRINGS = YES;
				SWIFT_VERSION = 5.0;
				TARGETED_DEVICE_FAMILY = "1,2";
			};
			name = Debug;
		};
		73E5463327BC0A3A00398585 /* Release */ = {
			isa = XCBuildConfiguration;
			buildSettings = {
				ASSETCATALOG_COMPILER_APPICON_NAME = AppIcon;
				ASSETCATALOG_COMPILER_GLOBAL_ACCENT_COLOR_NAME = AccentColor;
				CODE_SIGN_STYLE = Automatic;
				CURRENT_PROJECT_VERSION = 1;
				DEVELOPMENT_ASSET_PATHS = "\"ShoppingPal/Preview Content\"";
				DEVELOPMENT_TEAM = S54X82UBP7;
				ENABLE_PREVIEWS = YES;
				GENERATE_INFOPLIST_FILE = YES;
				INFOPLIST_KEY_UIApplicationSceneManifest_Generation = YES;
				INFOPLIST_KEY_UIApplicationSupportsIndirectInputEvents = YES;
				INFOPLIST_KEY_UILaunchScreen_Generation = YES;
				INFOPLIST_KEY_UISupportedInterfaceOrientations_iPad = "UIInterfaceOrientationPortrait UIInterfaceOrientationPortraitUpsideDown UIInterfaceOrientationLandscapeLeft UIInterfaceOrientationLandscapeRight";
				INFOPLIST_KEY_UISupportedInterfaceOrientations_iPhone = "UIInterfaceOrientationPortrait UIInterfaceOrientationLandscapeLeft UIInterfaceOrientationLandscapeRight";
				LD_RUNPATH_SEARCH_PATHS = (
					"$(inherited)",
					"@executable_path/Frameworks",
				);
				MARKETING_VERSION = 1.0;
				PRODUCT_BUNDLE_IDENTIFIER = com.shoppingPal.ShoppingPal;
				PRODUCT_NAME = "$(TARGET_NAME)";
				SWIFT_EMIT_LOC_STRINGS = YES;
				SWIFT_VERSION = 5.0;
				TARGETED_DEVICE_FAMILY = "1,2";
			};
			name = Release;
		};
/* End XCBuildConfiguration section */

/* Begin XCConfigurationList section */
		73E5461E27BC0A3800398585 /* Build configuration list for PBXProject "ShoppingPal" */ = {
			isa = XCConfigurationList;
			buildConfigurations = (
				73E5462F27BC0A3A00398585 /* Debug */,
				73E5463027BC0A3A00398585 /* Release */,
			);
			defaultConfigurationIsVisible = 0;
			defaultConfigurationName = Release;
		};
		73E5463127BC0A3A00398585 /* Build configuration list for PBXNativeTarget "ShoppingPal" */ = {
			isa = XCConfigurationList;
			buildConfigurations = (
				73E5463227BC0A3A00398585 /* Debug */,
				73E5463327BC0A3A00398585 /* Release */,
			);
			defaultConfigurationIsVisible = 0;
			defaultConfigurationName = Release;
		};
/* End XCConfigurationList section */

/* Begin XCRemoteSwiftPackageReference section */
		73E5463E27BCC10000398585 /* XCRemoteSwiftPackageReference "swift-algorithms" */ = {
			isa = XCRemoteSwiftPackageReference;
			repositoryURL = "https://github.com/apple/swift-algorithms.git";
			requirement = {
				kind = upToNextMajorVersion;
				minimumVersion = 1.0.0;
			};
		};
		73E5464427BCC7C200398585 /* XCRemoteSwiftPackageReference "R.swift" */ = {
			isa = XCRemoteSwiftPackageReference;
			repositoryURL = "https://github.com/mac-cain13/R.swift.Library";
			requirement = {
				branch = master;
				kind = branch;
			};
		};
/* End XCRemoteSwiftPackageReference section */

/* Begin XCSwiftPackageProductDependency section */
		73E5463F27BCC10000398585 /* Algorithms */ = {
			isa = XCSwiftPackageProductDependency;
			package = 73E5463E27BCC10000398585 /* XCRemoteSwiftPackageReference "swift-algorithms" */;
			productName = Algorithms;
		};
		73E5464527BCC7C200398585 /* Rswift */ = {
			isa = XCSwiftPackageProductDependency;
			package = 73E5464427BCC7C200398585 /* XCRemoteSwiftPackageReference "R.swift" */;
			productName = Rswift;
		};
/* End XCSwiftPackageProductDependency section */
	};
	rootObject = 73E5461B27BC0A3800398585 /* Project object */;
}
